# THIS IS AN AUTOGENERATED FILE. DO NOT EDIT THIS FILE DIRECTLY.
# yarn lockfile v1


bs-platform@^4.0.5:
  version "4.0.5"
  resolved "https://registry.yarnpkg.com/bs-platform/-/bs-platform-4.0.5.tgz#d4fd9bbdd11765af5b75110a5655065ece05eed6"

node-lifx-lan@0.3.0:
  version "0.3.0"
  resolved "https://registry.yarnpkg.com/node-lifx-lan/-/node-lifx-lan-0.3.0.tgz#e6ecec0f6cd4da12a46db8f7a108342679ee9c7f"

reason-future@2.3.1:
  version "2.3.1"
  resolved "https://registry.yarnpkg.com/reason-future/-/reason-future-2.3.1.tgz#e86a5b835e542caa7c140ba2379be6d06ff0d2d0"
